// !$*UTF8*$!
{
	archiveVersion = 1;
	classes = {
	};
	objectVersion = 46;
	objects = {

/* Begin PBXBuildFile section */
		D67B7B7C1E81117700731FEE /* AppDelegate.swift in Sources */ = {isa = PBXBuildFile; fileRef = D67B7B7B1E81117700731FEE /* AppDelegate.swift */; };
		D67B7B7E1E81117700731FEE /* ViewController.swift in Sources */ = {isa = PBXBuildFile; fileRef = D67B7B7D1E81117700731FEE /* ViewController.swift */; };
		D67B7B811E81117700731FEE /* Main.storyboard in Resources */ = {isa = PBXBuildFile; fileRef = D67B7B7F1E81117700731FEE /* Main.storyboard */; };
		D67B7B831E81117700731FEE /* Assets.xcassets in Resources */ = {isa = PBXBuildFile; fileRef = D67B7B821E81117700731FEE /* Assets.xcassets */; };
		D67B7B861E81117700731FEE /* LaunchScreen.storyboard in Resources */ = {isa = PBXBuildFile; fileRef = D67B7B841E81117700731FEE /* LaunchScreen.storyboard */; };
/* End PBXBuildFile section */

/* Begin PBXFileReference section */
		D67B7B781E81117700731FEE /* Slider.app */ = {isa = PBXFileReference; explicitFileType = wrapper.application; includeInIndex = 0; path = Slider.app; sourceTree = BUILT_PRODUCTS_DIR; };
		D67B7B7B1E81117700731FEE /* AppDelegate.swift */ = {isa = PBXFileReference; lastKnownFileType = sourcecode.swift; path = AppDelegate.swift; sourceTree = "<group>"; };
		D67B7B7D1E81117700731FEE /* ViewController.swift */ = {isa = PBXFileReference; lastKnownFileType = sourcecode.swift; path = ViewController.swift; sourceTree = "<group>"; };
		D67B7B801E81117700731FEE /* Base */ = {isa = PBXFileReference; lastKnownFileType = file.storyboard; name = Base; path = Base.lproj/Main.storyboard; sourceTree = "<group>"; };
		D67B7B821E81117700731FEE /* Assets.xcassets */ = {isa = PBXFileReference; lastKnownFileType = folder.assetcatalog; path = Assets.xcassets; sourceTree = "<group>"; };
		D67B7B851E81117700731FEE /* Base */ = {isa = PBXFileReference; lastKnownFileType = file.storyboard; name = Base; path = Base.lproj/LaunchScreen.storyboard; sourceTree = "<group>"; };
		D67B7B871E81117700731FEE /* Info.plist */ = {isa = PBXFileReference; lastKnownFileType = text.plist.xml; path = Info.plist; sourceTree = "<group>"; };
/* End PBXFileReference section */

/* Begin PBXFrameworksBuildPhase section */
		D67B7B751E81117700731FEE /* Frameworks */ = {
			isa = PBXFrameworksBuildPhase;
			buildActionMask = 2147483647;
			files = (
			);
			runOnlyForDeploymentPostprocessing = 0;
		};
/* End PBXFrameworksBuildPhase section */

/* Begin PBXGroup section */
		D67B7B6F1E81117700731FEE = {
			isa = PBXGroup;
			children = (
				D67B7B7A1E81117700731FEE /* Slider */,
				D67B7B791E81117700731FEE /* Products */,
			);
			sourceTree = "<group>";
		};
		D67B7B791E81117700731FEE /* Products */ = {
			isa = PBXGroup;
			children = (
				D67B7B781E81117700731FEE /* Slider.app */,
			);
			name = Products;
			sourceTree = "<group>";
		};
		D67B7B7A1E81117700731FEE /* Slider */ = {
			isa = PBXGroup;
			children = (
				D67B7B7B1E81117700731FEE /* AppDelegate.swift */,
				D67B7B7D1E81117700731FEE /* ViewController.swift */,
				D67B7B7F1E81117700731FEE /* Main.storyboard */,
				D67B7B821E81117700731FEE /* Assets.xcassets */,
				D67B7B841E81117700731FEE /* LaunchScreen.storyboard */,
				D67B7B871E81117700731FEE /* Info.plist */,
			);
			path = Slider;
			sourceTree = "<group>";
		};
/* End PBXGroup section */

/* Begin PBXNativeTarget section */
		D67B7B771E81117700731FEE /* Slider */ = {
			isa = PBXNativeTarget;
			buildConfigurationList = D67B7B8A1E81117700731FEE /* Build configuration list for PBXNativeTarget "Slider" */;
			buildPhases = (
				D67B7B741E81117700731FEE /* Sources */,
				D67B7B751E81117700731FEE /* Frameworks */,
				D67B7B761E81117700731FEE /* Resources */,
			);
			buildRules = (
			);
			dependencies = (
			);
			name = Slider;
			productName = Slider;
			productReference = D67B7B781E81117700731FEE /* Slider.app */;
			productType = "com.apple.product-type.application";
		};
/* End PBXNativeTarget section */

/* Begin PBXProject section */
		D67B7B701E81117700731FEE /* Project object */ = {
			isa = PBXProject;
			attributes = {
				LastSwiftUpdateCheck = 0820;
				LastUpgradeCheck = 0820;
				ORGANIZATIONNAME = "kazuki kaneshiro";
				TargetAttributes = {
					D67B7B771E81117700731FEE = {
						CreatedOnToolsVersion = 8.2.1;
						DevelopmentTeam = 7G49LVZC9W;
						ProvisioningStyle = Automatic;
					};
				};
			};
			buildConfigurationList = D67B7B731E81117700731FEE /* Build configuration list for PBXProject "Slider" */;
			compatibilityVersion = "Xcode 3.2";
			developmentRegion = English;
			hasScannedForEncodings = 0;
			knownRegions = (
				en,
				Base,
			);
			mainGroup = D67B7B6F1E81117700731FEE;
			productRefGroup = D67B7B791E81117700731FEE /* Products */;
			projectDirPath = "";
			projectRoot = "";
			targets = (
				D67B7B771E81117700731FEE /* Slider */,
			);
		};
/* End PBXProject section */

/* Begin PBXResourcesBuildPhase section */
		D67B7B761E81117700731FEE /* Resources */ = {
			isa = PBXResourcesBuildPhase;
			buildActionMask = 2147483647;
			files = (
				D67B7B861E81117700731FEE /* LaunchScreen.storyboard in Resources */,
				D67B7B831E81117700731FEE /* Assets.xcassets in Resources */,
				D67B7B811E81117700731FEE /* Main.storyboard in Resources */,
			);
			runOnlyForDeploymentPostprocessing = 0;
		};
/* End PBXResourcesBuildPhase section */

/* Begin PBXSourcesBuildPhase section */
		D67B7B741E81117700731FEE /* Sources */ = {
			isa = PBXSourcesBuildPhase;
			buildActionMask = 2147483647;
			files = (
				D67B7B7E1E81117700731FEE /* ViewController.swift in Sources */,
				D67B7B7C1E81117700731FEE /* AppDelegate.swift in Sources */,
			);
			runOnlyForDeploymentPostprocessing = 0;
		};
/* End PBXSourcesBuildPhase section */

/* Begin PBXVariantGroup section */
		D67B7B7F1E81117700731FEE /* Main.storyboard */ = {
			isa = PBXVariantGroup;
			children = (
				D67B7B801E81117700731FEE /* Base */,
			);
			name = Main.storyboard;
			sourceTree = "<group>";
		};
		D67B7B841E81117700731FEE /* LaunchScreen.storyboard */ = {
			isa = PBXVariantGroup;
			children = (
				D67B7B851E81117700731FEE /* Base */,
			);
			name = LaunchScreen.storyboard;
			sourceTree = "<group>";
		};
/* End PBXVariantGroup section */

/* Begin XCBuildConfiguration section */
		D67B7B881E81117700731FEE /* Debug */ = {
			isa = XCBuildConfiguration;
			buildSettings = {
				ALWAYS_SEARCH_USER_PATHS = NO;
				CLANG_ANALYZER_NONNULL = YES;
				CLANG_CXX_LANGUAGE_STANDARD = "gnu++0x";
				CLANG_CXX_LIBRARY = "libc++";
				CLANG_ENABLE_MODULES = YES;
				CLANG_ENABLE_OBJC_ARC = YES;
				CLANG_WARN_BOOL_CONVERSION = YES;
				CLANG_WARN_CONSTANT_CONVERSION = YES;
				CLANG_WARN_DIRECT_OBJC_ISA_USAGE = YES_ERROR;
				CLANG_WARN_DOCUMENTATION_COMMENTS = YES;
				CLANG_WARN_EMPTY_BODY = YES;
				CLANG_WARN_ENUM_CONVERSION = YES;
				CLANG_WARN_INFINITE_RECURSION = YES;
				CLANG_WARN_INT_CONVERSION = YES;
				CLANG_WARN_OBJC_ROOT_CLASS = YES_ERROR;
				CLANG_WARN_SUSPICIOUS_MOVE = YES;
				CLANG_WARN_UNREACHABLE_CODE = YES;
				CLANG_WARN__DUPLICATE_METHOD_MATCH = YES;
				"CODE_SIGN_IDENTITY[sdk=iphoneos*]" = "iPhone Developer";
				COPY_PHASE_STRIP = NO;
				DEBUG_INFORMATION_FORMAT = dwarf;
				ENABLE_STRICT_OBJC_MSGSEND = YES;
				ENABLE_TESTABILITY = YES;
				GCC_C_LANGUAGE_STANDARD = gnu99;
				GCC_DYNAMIC_NO_PIC = NO;
				GCC_NO_COMMON_BLOCKS = YES;
				GCC_OPTIMIZATION_LEVEL = 0;
				GCC_PREPROCESSOR_DEFINITIONS = (
					"DEBUG=1",
					"$(inherited)",
				);
				GCC_WARN_64_TO_32_BIT_CONVERSION = YES;
				GCC_WARN_ABOUT_RETURN_TYPE = YES_ERROR;
				GCC_WARN_UNDECLARED_SELECTOR = YES;
				GCC_WARN_UNINITIALIZED_AUTOS = YES_AGGRESSIVE;
				GCC_WARN_UNUSED_FUNCTION = YES;
				GCC_WARN_UNUSED_VARIABLE = YES;
				IPHONEOS_DEPLOYMENT_TARGET = 10.2;
				MTL_ENABLE_DEBUG_INFO = YES;
				ONLY_ACTIVE_ARCH = YES;
				SDKROOT = iphoneos;
				SWIFT_ACTIVE_COMPILATION_CONDITIONS = DEBUG;
				SWIFT_OPTIMIZATION_LEVEL = "-Onone";
				TARGETED_DEVICE_FAMILY = "1,2";
			};
			name = Debug;
		};
		D67B7B891E81117700731FEE /* Release */ = {
			isa = XCBuildConfiguration;
			buildSettings = {
				ALWAYS_SEARCH_USER_PATHS = NO;
				CLANG_ANALYZER_NONNULL = YES;
				CLANG_CXX_LANGUAGE_STANDARD = "gnu++0x";
				CLANG_CXX_LIBRARY = "libc++";
				CLANG_ENABLE_MODULES = YES;
				CLANG_ENABLE_OBJC_ARC = YES;
				CLANG_WARN_BOOL_CONVERSION = YES;
				CLANG_WARN_CONSTANT_CONVERSION = YES;
				CLANG_WARN_DIRECT_OBJC_ISA_USAGE = YES_ERROR;
				CLANG_WARN_DOCUMENTATION_COMMENTS = YES;
				CLANG_WARN_EMPTY_BODY = YES;
				CLANG_WARN_ENUM_CONVERSION = YES;
				CLANG_WARN_INFINITE_RECURSION = YES;
				CLANG_WARN_INT_CONVERSION = YES;
				CLANG_WARN_OBJC_ROOT_CLASS = YES_ERROR;
				CLANG_WARN_SUSPICIOUS_MOVE = YES;
				CLANG_WARN_UNREACHABLE_CODE = YES;
				CLANG_WARN__DUPLICATE_METHOD_MATCH = YES;
				"CODE_SIGN_IDENTITY[sdk=iphoneos*]" = "iPhone Developer";
				COPY_PHASE_STRIP = NO;
				DEBUG_INFORMATION_FORMAT = "dwarf-with-dsym";
				ENABLE_NS_ASSERTIONS = NO;
				ENABLE_STRICT_OBJC_MSGSEND = YES;
				GCC_C_LANGUAGE_STANDARD = gnu99;
				GCC_NO_COMMON_BLOCKS = YES;
				GCC_WARN_64_TO_32_BIT_CONVERSION = YES;
				GCC_WARN_ABOUT_RETURN_TYPE = YES_ERROR;
				GCC_WARN_UNDECLARED_SELECTOR = YES;
				GCC_WARN_UNINITIALIZED_AUTOS = YES_AGGRESSIVE;
				GCC_WARN_UNUSED_FUNCTION = YES;
				GCC_WARN_UNUSED_VARIABLE = YES;
				IPHONEOS_DEPLOYMENT_TARGET = 10.2;
				MTL_ENABLE_DEBUG_INFO = NO;
				SDKROOT = iphoneos;
				SWIFT_OPTIMIZATION_LEVEL = "-Owholemodule";
				TARGETED_DEVICE_FAMILY = "1,2";
				VALIDATE_PRODUCT = YES;
			};
			name = Release;
		};
		D67B7B8B1E81117700731FEE /* Debug */ = {
			isa = XCBuildConfiguration;
			buildSettings = {
				ASSETCATALOG_COMPILER_APPICON_NAME = AppIcon;
				DEVELOPMENT_TEAM = 7G49LVZC9W;
				INFOPLIST_FILE = Slider/Info.plist;
				LD_RUNPATH_SEARCH_PATHS = "$(inherited) @executable_path/Frameworks";
				PRODUCT_BUNDLE_IDENTIFIER = com.example.someone.Slider;
				PRODUCT_NAME = "$(TARGET_NAME)";
				SWIFT_VERSION = 3.0;
			};
			name = Debug;
		};
		D67B7B8C1E81117700731FEE /* Release */ = {
			isa = XCBuildConfiguration;
			buildSettings = {
				ASSETCATALOG_COMPILER_APPICON_NAME = AppIcon;
				DEVELOPMENT_TEAM = 7G49LVZC9W;
				INFOPLIST_FILE = Slider/Info.plist;
				LD_RUNPATH_SEARCH_PATHS = "$(inherited) @executable_path/Frameworks";
				PRODUCT_BUNDLE_IDENTIFIER = com.example.someone.Slider;
				PRODUCT_NAME = "$(TARGET_NAME)";
				SWIFT_VERSION = 3.0;
			};
			name = Release;
		};
/* End XCBuildConfiguration section */

/* Begin XCConfigurationList section */
		D67B7B731E81117700731FEE /* Build configuration list for PBXProject "Slider" */ = {
			isa = XCConfigurationList;
			buildConfigurations = (
				D67B7B881E81117700731FEE /* Debug */,
				D67B7B891E81117700731FEE /* Release */,
			);
			defaultConfigurationIsVisible = 0;
			defaultConfigurationName = Release;
		};
		D67B7B8A1E81117700731FEE /* Build configuration list for PBXNativeTarget "Slider" */ = {
			isa = XCConfigurationList;
			buildConfigurations = (
				D67B7B8B1E81117700731FEE /* Debug */,
				D67B7B8C1E81117700731FEE /* Release */,
			);
			defaultConfigurationIsVisible = 0;
		};
/* End XCConfigurationList section */
	};
	rootObject = D67B7B701E81117700731FEE /* Project object */;
}
